
Microsoft Visual Studio Solution File, Format Version 12.00
# Visual Studio Version 16
VisualStudioVersion = 16.0.30517.126
MinimumVisualStudioVersion = 10.0.40219.1
Project("{FAE04EC0-301F-11D3-BF4B-00C04F79EFBC}") = "QuanLysKhachSan", "QuanLysKhachSan\QuanLysKhachSan.csproj", "{C5AADF16-7D30-4016-99C9-E6A9B88C3BA7}"
EndProject
Global
	GlobalSection(SolutionConfigurationPlatforms) = preSolution
		Debug|Any CPU = Debug|Any CPU
		Release|Any CPU = Release|Any CPU
	EndGlobalSection
	GlobalSection(ProjectConfigurationPlatforms) = postSolution
		{C5AADF16-7D30-4016-99C9-E6A9B88C3BA7}.Debug|Any CPU.ActiveCfg = Debug|Any CPU
		{C5AADF16-7D30-4016-99C9-E6A9B88C3BA7}.Debug|Any CPU.Build.0 = Debug|Any CPU
		{C5AADF16-7D30-4016-99C9-E6A9B88C3BA7}.Release|Any CPU.ActiveCfg = Release|Any CPU
		{C5AADF16-7D30-4016-99C9-E6A9B88C3BA7}.Release|Any CPU.Build.0 = Release|Any CPU
	EndGlobalSection
	GlobalSection(SolutionProperties) = preSolution
		HideSolutionNode = FALSE
	EndGlobalSection
	GlobalSection(ExtensibilityGlobals) = postSolution
		SolutionGuid = {32EE7C2F-A80F-4333-8DA9-A745C929186B}
	EndGlobalSection
EndGlobal
